# THIS IS AN AUTOGENERATED FILE. DO NOT EDIT THIS FILE DIRECTLY.
# yarn lockfile v1


"@cspotcode/source-map-support@^0.8.0":
  version "0.8.1"
  resolved "https://registry.yarnpkg.com/@cspotcode/source-map-support/-/source-map-support-0.8.1.tgz#00629c35a688e05a88b1cda684fb9d5e73f000a1"
  integrity sha512-IchNf6dN4tHoMFIn/7OE8LWZ19Y6q/67Bmf6vnGREv8RSbBVb9LPJxEcnwrcwX6ixSvaiGoomAUvu4YSxXrVgw==
  dependencies:
    "@jridgewell/trace-mapping" "0.3.9"

"@dothq/id@^1.0.1":
  version "1.0.1"
  resolved "https://registry.yarnpkg.com/@dothq/id/-/id-1.0.1.tgz#353e4ccefe7e7a3f3528c0888a456b944671c9a7"
  integrity sha512-UFBWgzCNUsyVE3cTQUKs1glWLATlScUrDkLNmAxU7Fsmx056u4wIM75sPmRc5sxiFkd1UflgVurDJv70soS7qQ==

"@esbuild/android-arm64@0.16.4":
  version "0.16.4"
  resolved "https://registry.yarnpkg.com/@esbuild/android-arm64/-/android-arm64-0.16.4.tgz#4b31b9e3da2e4c12a8170bd682f713c775f68ab1"
  integrity sha512-VPuTzXFm/m2fcGfN6CiwZTlLzxrKsWbPkG7ArRFpuxyaHUm/XFHQPD4xNwZT6uUmpIHhnSjcaCmcla8COzmZ5Q==

"@esbuild/android-arm@0.16.4":
  version "0.16.4"
  resolved "https://registry.yarnpkg.com/@esbuild/android-arm/-/android-arm-0.16.4.tgz#057d3e8b0ee41ff59386c33ba6dcf20f4bedd1f7"
  integrity sha512-rZzb7r22m20S1S7ufIc6DC6W659yxoOrl7sKP1nCYhuvUlnCFHVSbATG4keGUtV8rDz11sRRDbWkvQZpzPaHiw==

"@esbuild/android-x64@0.16.4":
  version "0.16.4"
  resolved "https://registry.yarnpkg.com/@esbuild/android-x64/-/android-x64-0.16.4.tgz#62ccab8ac1d3e6ef1df3fa2e1974bc2b8528d74a"
  integrity sha512-MW+B2O++BkcOfMWmuHXB15/l1i7wXhJFqbJhp82IBOais8RBEQv2vQz/jHrDEHaY2X0QY7Wfw86SBL2PbVOr0g==

"@esbuild/darwin-arm64@0.16.4":
  version "0.16.4"
  resolved "https://registry.yarnpkg.com/@esbuild/darwin-arm64/-/darwin-arm64-0.16.4.tgz#c19a6489d626c36fc611c85ccd8a3333c1f2a930"
  integrity sha512-a28X1O//aOfxwJVZVs7ZfM8Tyih2Za4nKJrBwW5Wm4yKsnwBy9aiS/xwpxiiTRttw3EaTg4Srerhcm6z0bu9Wg==

"@esbuild/darwin-x64@0.16.4":
  version "0.16.4"
  resolved "https://registry.yarnpkg.com/@esbuild/darwin-x64/-/darwin-x64-0.16.4.tgz#b726bbc84a1e277f6ec2509d10b8ee03f242b776"
  integrity sha512-e3doCr6Ecfwd7VzlaQqEPrnbvvPjE9uoTpxG5pyLzr2rI2NMjDHmvY1E5EO81O/e9TUOLLkXA5m6T8lfjK9yAA==

"@esbuild/freebsd-arm64@0.16.4":
  version "0.16.4"
  resolved "https://registry.yarnpkg.com/@esbuild/freebsd-arm64/-/freebsd-arm64-0.16.4.tgz#364568e6ca2901297f247de0681c9b14bbe658c8"
  integrity sha512-Oup3G/QxBgvvqnXWrBed7xxkFNwAwJVHZcklWyQt7YCAL5bfUkaa6FVWnR78rNQiM8MqqLiT6ZTZSdUFuVIg1w==

"@esbuild/freebsd-x64@0.16.4":
  version "0.16.4"
  resolved "https://registry.yarnpkg.com/@esbuild/freebsd-x64/-/freebsd-x64-0.16.4.tgz#44701ba4a5497ba64eec0a6c9e221d8f46a25e72"
  integrity sha512-vAP+eYOxlN/Bpo/TZmzEQapNS8W1njECrqkTpNgvXskkkJC2AwOXwZWai/Kc2vEFZUXQttx6UJbj9grqjD/+9Q==

"@esbuild/linux-arm64@0.16.4":
  version "0.16.4"
  resolved "https://registry.yarnpkg.com/@esbuild/linux-arm64/-/linux-arm64-0.16.4.tgz#b58fb418ec9ac714d8dbb38c787ff2441eb1d9db"
  integrity sha512-2zXoBhv4r5pZiyjBKrOdFP4CXOChxXiYD50LRUU+65DkdS5niPFHbboKZd/c81l0ezpw7AQnHeoCy5hFrzzs4g==

"@esbuild/linux-arm@0.16.4":
  version "0.16.4"
  resolved "https://registry.yarnpkg.com/@esbuild/linux-arm/-/linux-arm-0.16.4.tgz#b37f15ecddb53eeea466e5960e31a58f33e0e87e"
  integrity sha512-A47ZmtpIPyERxkSvIv+zLd6kNIOtJH03XA0Hy7jaceRDdQaQVGSDt4mZqpWqJYgDk9rg96aglbF6kCRvPGDSUA==

"@esbuild/linux-ia32@0.16.4":
  version "0.16.4"
  resolved "https://registry.yarnpkg.com/@esbuild/linux-ia32/-/linux-ia32-0.16.4.tgz#117e32a9680b5deac184ebee122f8575369fad1b"
  integrity sha512-uxdSrpe9wFhz4yBwt2kl2TxS/NWEINYBUFIxQtaEVtglm1eECvsj1vEKI0KX2k2wCe17zDdQ3v+jVxfwVfvvjw==

"@esbuild/linux-loong64@0.16.4":
  version "0.16.4"
  resolved "https://registry.yarnpkg.com/@esbuild/linux-loong64/-/linux-loong64-0.16.4.tgz#dd504fb83c280752d4b485d9acb3cf391cb7bf5b"
  integrity sha512-peDrrUuxbZ9Jw+DwLCh/9xmZAk0p0K1iY5d2IcwmnN+B87xw7kujOkig6ZRcZqgrXgeRGurRHn0ENMAjjD5DEg==

"@esbuild/linux-mips64el@0.16.4":
  version "0.16.4"
  resolved "https://registry.yarnpkg.com/@esbuild/linux-mips64el/-/linux-mips64el-0.16.4.tgz#9ab77e31cf3be1e35572afff94b51df8149d15bd"
  integrity sha512-sD9EEUoGtVhFjjsauWjflZklTNr57KdQ6xfloO4yH1u7vNQlOfAlhEzbyBKfgbJlW7rwXYBdl5/NcZ+Mg2XhQA==

"@esbuild/linux-ppc64@0.16.4":
  version "0.16.4"
  resolved "https://registry.yarnpkg.com/@esbuild/linux-ppc64/-/linux-ppc64-0.16.4.tgz#69d56c2a960808bee1c7b9b84a115220ec9ce05c"
  integrity sha512-X1HSqHUX9D+d0l6/nIh4ZZJ94eQky8d8z6yxAptpZE3FxCWYWvTDd9X9ST84MGZEJx04VYUD/AGgciddwO0b8g==

"@esbuild/linux-riscv64@0.16.4":
  version "0.16.4"
  resolved "https://registry.yarnpkg.com/@esbuild/linux-riscv64/-/linux-riscv64-0.16.4.tgz#9fc23583f4a1508a8d352bd376340e42217e8a90"
  integrity sha512-97ANpzyNp0GTXCt6SRdIx1ngwncpkV/z453ZuxbnBROCJ5p/55UjhbaG23UdHj88fGWLKPFtMoU4CBacz4j9FA==

"@esbuild/linux-s390x@0.16.4":
  version "0.16.4"
  resolved "https://registry.yarnpkg.com/@esbuild/linux-s390x/-/linux-s390x-0.16.4.tgz#4cae1f70ac2943f076dd130c3c80d28f57bf75d1"
  integrity sha512-pUvPQLPmbEeJRPjP0DYTC1vjHyhrnCklQmCGYbipkep+oyfTn7GTBJXoPodR7ZS5upmEyc8lzAkn2o29wD786A==

"@esbuild/linux-x64@0.16.4":
  version "0.16.4"
  resolved "https://registry.yarnpkg.com/@esbuild/linux-x64/-/linux-x64-0.16.4.tgz#fdf494de07cda23a2dc4b71ff1e0848e4ee6539c"
  integrity sha512-N55Q0mJs3Sl8+utPRPBrL6NLYZKBCLLx0bme/+RbjvMforTGGzFvsRl4xLTZMUBFC1poDzBEPTEu5nxizQ9Nlw==

"@esbuild/netbsd-x64@0.16.4":
  version "0.16.4"
  resolved "https://registry.yarnpkg.com/@esbuild/netbsd-x64/-/netbsd-x64-0.16.4.tgz#b59ecb49087119c575c0f64d7e66001d52799e24"
  integrity sha512-LHSJLit8jCObEQNYkgsDYBh2JrJT53oJO2HVdkSYLa6+zuLJh0lAr06brXIkljrlI+N7NNW1IAXGn/6IZPi3YQ==

"@esbuild/openbsd-x64@0.16.4":
  version "0.16.4"
  resolved "https://registry.yarnpkg.com/@esbuild/openbsd-x64/-/openbsd-x64-0.16.4.tgz#c51e36db875948b7b11d08bafa355605a1aa289c"
  integrity sha512-nLgdc6tWEhcCFg/WVFaUxHcPK3AP/bh+KEwKtl69Ay5IBqUwKDaq/6Xk0E+fh/FGjnLwqFSsarsbPHeKM8t8Sw==

"@esbuild/sunos-x64@0.16.4":
  version "0.16.4"
  resolved "https://registry.yarnpkg.com/@esbuild/sunos-x64/-/sunos-x64-0.16.4.tgz#0b50e941cd44f069e9f2573321aec984244ec228"
  integrity sha512-08SluG24GjPO3tXKk95/85n9kpyZtXCVwURR2i4myhrOfi3jspClV0xQQ0W0PYWHioJj+LejFMt41q+PG3mlAQ==

"@esbuild/win32-arm64@0.16.4":
  version "0.16.4"
  resolved "https://registry.yarnpkg.com/@esbuild/win32-arm64/-/win32-arm64-0.16.4.tgz#d1c93b20f17355ab2221cd18e13ae2f1b68013e3"
  integrity sha512-yYiRDQcqLYQSvNQcBKN7XogbrSvBE45FEQdH8fuXPl7cngzkCvpsG2H9Uey39IjQ6gqqc+Q4VXYHsQcKW0OMjQ==

"@esbuild/win32-ia32@0.16.4":
  version "0.16.4"
  resolved "https://registry.yarnpkg.com/@esbuild/win32-ia32/-/win32-ia32-0.16.4.tgz#df5910e76660e0acbbdceb8d4ae6bf1efeade6ae"
  integrity sha512-5rabnGIqexekYkh9zXG5waotq8mrdlRoBqAktjx2W3kb0zsI83mdCwrcAeKYirnUaTGztR5TxXcXmQrEzny83w==

"@esbuild/win32-x64@0.16.4":
  version "0.16.4"
  resolved "https://registry.yarnpkg.com/@esbuild/win32-x64/-/win32-x64-0.16.4.tgz#6ec594468610c176933da1387c609558371d37e0"
  integrity sha512-sN/I8FMPtmtT2Yw+Dly8Ur5vQ5a/RmC8hW7jO9PtPSQUPkowxWpcUZnqOggU7VwyT3Xkj6vcXWd3V/qTXwultQ==

"@jridgewell/resolve-uri@^3.0.3":
  version "3.1.0"
  resolved "https://registry.yarnpkg.com/@jridgewell/resolve-uri/-/resolve-uri-3.1.0.tgz#2203b118c157721addfe69d47b70465463066d78"
  integrity sha512-F2msla3tad+Mfht5cJq7LSXcdudKTWCVYUgw6pLFOOHSTtZlj6SWNYAp+AhuqLmWdBO2X5hPrLcu8cVP8fy28w==

"@jridgewell/sourcemap-codec@^1.4.10":
  version "1.4.14"
  resolved "https://registry.yarnpkg.com/@jridgewell/sourcemap-codec/-/sourcemap-codec-1.4.14.tgz#add4c98d341472a289190b424efbdb096991bb24"
  integrity sha512-XPSJHWmi394fuUuzDnGz1wiKqWfo1yXecHQMRf2l6hztTO+nPru658AyDngaBe7isIxEkRsPR3FZh+s7iVa4Uw==

"@jridgewell/trace-mapping@0.3.9":
  version "0.3.9"
  resolved "https://registry.yarnpkg.com/@jridgewell/trace-mapping/-/trace-mapping-0.3.9.tgz#6534fd5933a53ba7cbf3a17615e273a0d1273ff9"
  integrity sha512-3Belt6tdc8bPgAtbcmdtNJlirVoTmEb5e2gC94PnkwEW9jI6CAHUeoG85tjWP5WquqfavoMtMwiG4P926ZKKuQ==
  dependencies:
    "@jridgewell/resolve-uri" "^3.0.3"
    "@jridgewell/sourcemap-codec" "^1.4.10"

"@ltd/j-toml@^1.35.3":
  version "1.35.3"
  resolved "https://registry.yarnpkg.com/@ltd/j-toml/-/j-toml-1.35.3.tgz#8307684af753f54069145baf700cb6fcc2d7d69d"
  integrity sha512-enJnu6HHD+wulZd5UllwMJSzQd6lumJUwlgh3EssmkSDEB+PjhvI3qsHFbbKdOnhYZLSSi2D9CMYlJ0g/T9iIA==

"@tsconfig/node10@^1.0.7":
  version "1.0.9"
  resolved "https://registry.yarnpkg.com/@tsconfig/node10/-/node10-1.0.9.tgz#df4907fc07a886922637b15e02d4cebc4c0021b2"
  integrity sha512-jNsYVVxU8v5g43Erja32laIDHXeoNvFEpX33OK4d6hljo3jDhCBDhx5dhCCTMWUojscpAagGiRkBKxpdl9fxqA==

"@tsconfig/node12@^1.0.7":
  version "1.0.11"
  resolved "https://registry.yarnpkg.com/@tsconfig/node12/-/node12-1.0.11.tgz#ee3def1f27d9ed66dac6e46a295cffb0152e058d"
  integrity sha512-cqefuRsh12pWyGsIoBKJA9luFu3mRxCA+ORZvA4ktLSzIuCUtWVxGIuXigEwO5/ywWFMZ2QEGKWvkZG1zDMTag==

"@tsconfig/node14@^1.0.0":
  version "1.0.3"
  resolved "https://registry.yarnpkg.com/@tsconfig/node14/-/node14-1.0.3.tgz#e4386316284f00b98435bf40f72f75a09dabf6c1"
  integrity sha512-ysT8mhdixWK6Hw3i1V2AeRqZ5WfXg1G43mqoYlM2nc6388Fq5jcXyr5mRsqViLx/GJYdoL0bfXD8nmF+Zn/Iow==

"@tsconfig/node16@^1.0.2":
  version "1.0.3"
  resolved "https://registry.yarnpkg.com/@tsconfig/node16/-/node16-1.0.3.tgz#472eaab5f15c1ffdd7f8628bd4c4f753995ec79e"
  integrity sha512-yOlFc+7UtL/89t2ZhjPvvB/DeAr3r+Dq58IgzsFkOAvVC6NMJXmCGjbptdXdR9qsX7pKcTL+s87FtYREi2dEEQ==

"@types/node@^18.11.13":
  version "18.11.13"
  resolved "https://registry.yarnpkg.com/@types/node/-/node-18.11.13.tgz#dff34f226ec1ac0432ae3b136ec5552bd3b9c0fe"
  integrity sha512-IASpMGVcWpUsx5xBOrxMj7Bl8lqfuTY7FKAnPmu5cHkfQVWF8GulWS1jbRqA934qZL35xh5xN/+Xe/i26Bod4w==

acorn-walk@^8.1.1:
  version "8.2.0"
  resolved "https://registry.yarnpkg.com/acorn-walk/-/acorn-walk-8.2.0.tgz#741210f2e2426454508853a2f44d0ab83b7f69c1"
  integrity sha512-k+iyHEuPgSw6SbuDpGQM+06HQUa04DZ3o+F6CSzXMvvI5KMvnaEqXe+YVe555R9nn6GPt404fos4wcgpw12SDA==

acorn@^8.4.1:
  version "8.8.1"
  resolved "https://registry.yarnpkg.com/acorn/-/acorn-8.8.1.tgz#0a3f9cbecc4ec3bea6f0a80b66ae8dd2da250b73"
  integrity sha512-7zFpHzhnqYKrkYdUjF1HI1bzd0VygEGX8lFk4k5zVMqHEoES+P+7TKI+EvLO9WVMJ8eekdO0aDEK044xTXwPPA==

arg@^4.1.0:
  version "4.1.3"
  resolved "https://registry.yarnpkg.com/arg/-/arg-4.1.3.tgz#269fc7ad5b8e42cb63c896d5666017261c144089"
  integrity sha512-58S9QDqG0Xx27YwPSt9fJxivjYl432YCwfDMfZ+71RAqUrZef7LrKQZ3LHLOwCS4FLNBplP533Zx895SeOCHvA==

create-require@^1.1.0:
  version "1.1.1"
  resolved "https://registry.yarnpkg.com/create-require/-/create-require-1.1.1.tgz#c1d7e8f1e5f6cfc9ff65f9cd352d37348756c333"
  integrity sha512-dcKFX3jn0MpIaXjisoRvexIJVEKzaq7z2rZKxf+MSr9TkdmHmsU4m2lcLojrj/FHl8mk5VxMmYA+ftRkP/3oKQ==

diff@^4.0.1:
  version "4.0.2"
  resolved "https://registry.yarnpkg.com/diff/-/diff-4.0.2.tgz#60f3aecb89d5fae520c11aa19efc2bb982aade7d"
  integrity sha512-58lmxKSA4BNyLz+HHMUzlOEpg09FV+ev6ZMe3vJihgdxzgcwZ8VoEEPmALCZG9LmqfVoNMMKpttIYTVG6uDY7A==

esbuild@^0.16.4:
  version "0.16.4"
  resolved "https://registry.yarnpkg.com/esbuild/-/esbuild-0.16.4.tgz#06c86298d233386f5e41bcc14d36086daf3f40bd"
  integrity sha512-qQrPMQpPTWf8jHugLWHoGqZjApyx3OEm76dlTXobHwh/EBbavbRdjXdYi/GWr43GyN0sfpap14GPkb05NH3ROA==
  optionalDependencies:
    "@esbuild/android-arm" "0.16.4"
    "@esbuild/android-arm64" "0.16.4"
    "@esbuild/android-x64" "0.16.4"
    "@esbuild/darwin-arm64" "0.16.4"
    "@esbuild/darwin-x64" "0.16.4"
    "@esbuild/freebsd-arm64" "0.16.4"
    "@esbuild/freebsd-x64" "0.16.4"
    "@esbuild/linux-arm" "0.16.4"
    "@esbuild/linux-arm64" "0.16.4"
    "@esbuild/linux-ia32" "0.16.4"
    "@esbuild/linux-loong64" "0.16.4"
    "@esbuild/linux-mips64el" "0.16.4"
    "@esbuild/linux-ppc64" "0.16.4"
    "@esbuild/linux-riscv64" "0.16.4"
    "@esbuild/linux-s390x" "0.16.4"
    "@esbuild/linux-x64" "0.16.4"
    "@esbuild/netbsd-x64" "0.16.4"
    "@esbuild/openbsd-x64" "0.16.4"
    "@esbuild/sunos-x64" "0.16.4"
    "@esbuild/win32-arm64" "0.16.4"
    "@esbuild/win32-ia32" "0.16.4"
    "@esbuild/win32-x64" "0.16.4"

make-error@^1.1.1:
  version "1.3.6"
  resolved "https://registry.yarnpkg.com/make-error/-/make-error-1.3.6.tgz#2eb2e37ea9b67c4891f684a1394799af484cf7a2"
  integrity sha512-s8UhlNe7vPKomQhC1qFelMokr/Sc3AgNbso3n74mVPA5LTZwkB9NlXf4XPamLxJE8h0gh73rM94xvwRT2CVInw==

ts-node@^10.9.1:
  version "10.9.1"
  resolved "https://registry.yarnpkg.com/ts-node/-/ts-node-10.9.1.tgz#e73de9102958af9e1f0b168a6ff320e25adcff4b"
  integrity sha512-NtVysVPkxxrwFGUUxGYhfux8k78pQB3JqYBXlLRZgdGUqTO5wU/UyHop5p70iEbGhB7q5KmiZiU0Y3KlJrScEw==
  dependencies:
    "@cspotcode/source-map-support" "^0.8.0"
    "@tsconfig/node10" "^1.0.7"
    "@tsconfig/node12" "^1.0.7"
    "@tsconfig/node14" "^1.0.0"
    "@tsconfig/node16" "^1.0.2"
    acorn "^8.4.1"
    acorn-walk "^8.1.1"
    arg "^4.1.0"
    create-require "^1.1.0"
    diff "^4.0.1"
    make-error "^1.1.1"
    v8-compile-cache-lib "^3.0.1"
    yn "3.1.1"

typescript@^4.9.4:
  version "4.9.4"
  resolved "https://registry.yarnpkg.com/typescript/-/typescript-4.9.4.tgz#a2a3d2756c079abda241d75f149df9d561091e78"
  integrity sha512-Uz+dTXYzxXXbsFpM86Wh3dKCxrQqUcVMxwU54orwlJjOpO3ao8L7j5lH+dWfTwgCwIuM9GQ2kvVotzYJMXTBZg==

v8-compile-cache-lib@^3.0.1:
  version "3.0.1"
  resolved "https://registry.yarnpkg.com/v8-compile-cache-lib/-/v8-compile-cache-lib-3.0.1.tgz#6336e8d71965cb3d35a1bbb7868445a7c05264bf"
  integrity sha512-wa7YjyUGfNZngI/vtK0UHAN+lgDCxBPCylVXGp0zu59Fz5aiGtNXaq3DhIov063MorB+VfufLh3JlF2KdTK3xg==

yn@3.1.1:
  version "3.1.1"
  resolved "https://registry.yarnpkg.com/yn/-/yn-3.1.1.tgz#1e87401a09d767c1d5eab26a6e4c185182d2eb50"
  integrity sha512-Ux4ygGWsu2c7isFWe8Yu1YluJmqVhxqK2cLXNQA5AcC3QfbGNpM7fu0Y8b/z16pXLnFxZYvWhd3fhBY9DLmC6Q==
